
Microsoft Visual Studio Solution File, Format Version 12.00
# Visual Studio Version 17
VisualStudioVersion = 17.7.34202.233
MinimumVisualStudioVersion = 10.0.40219.1
Project("{FAE04EC0-301F-11D3-BF4B-00C04F79EFBC}") = "atividade 2 - 21-10", "atividade 2 - 21-10.csproj", "{50B2F8F2-F085-4C01-BC8E-EE1206BD5198}"
EndProject
Global
	GlobalSection(SolutionConfigurationPlatforms) = preSolution
		Debug|Any CPU = Debug|Any CPU
		Release|Any CPU = Release|Any CPU
	EndGlobalSection
	GlobalSection(ProjectConfigurationPlatforms) = postSolution
		{50B2F8F2-F085-4C01-BC8E-EE1206BD5198}.Debug|Any CPU.ActiveCfg = Debug|Any CPU
		{50B2F8F2-F085-4C01-BC8E-EE1206BD5198}.Debug|Any CPU.Build.0 = Debug|Any CPU
		{50B2F8F2-F085-4C01-BC8E-EE1206BD5198}.Release|Any CPU.ActiveCfg = Release|Any CPU
		{50B2F8F2-F085-4C01-BC8E-EE1206BD5198}.Release|Any CPU.Build.0 = Release|Any CPU
	EndGlobalSection
	GlobalSection(SolutionProperties) = preSolution
		HideSolutionNode = FALSE
	EndGlobalSection
	GlobalSection(ExtensibilityGlobals) = postSolution
		SolutionGuid = {9BEBD431-D67E-4830-8145-D86BE352998D}
	EndGlobalSection
EndGlobal
