
Microsoft Visual Studio Solution File, Format Version 12.00
# Visual Studio Version 17
VisualStudioVersion = 17.7.34202.233
MinimumVisualStudioVersion = 10.0.40219.1
Project("{FAE04EC0-301F-11D3-BF4B-00C04F79EFBC}") = "ex006", "ex006.csproj", "{949B3C76-628E-470B-A2FE-3F5DDB962D07}"
EndProject
Global
	GlobalSection(SolutionConfigurationPlatforms) = preSolution
		Debug|Any CPU = Debug|Any CPU
		Release|Any CPU = Release|Any CPU
	EndGlobalSection
	GlobalSection(ProjectConfigurationPlatforms) = postSolution
		{949B3C76-628E-470B-A2FE-3F5DDB962D07}.Debug|Any CPU.ActiveCfg = Debug|Any CPU
		{949B3C76-628E-470B-A2FE-3F5DDB962D07}.Debug|Any CPU.Build.0 = Debug|Any CPU
		{949B3C76-628E-470B-A2FE-3F5DDB962D07}.Release|Any CPU.ActiveCfg = Release|Any CPU
		{949B3C76-628E-470B-A2FE-3F5DDB962D07}.Release|Any CPU.Build.0 = Release|Any CPU
	EndGlobalSection
	GlobalSection(SolutionProperties) = preSolution
		HideSolutionNode = FALSE
	EndGlobalSection
	GlobalSection(ExtensibilityGlobals) = postSolution
		SolutionGuid = {C780E18F-B463-4E86-A9C1-DE9E2D42735B}
	EndGlobalSection
EndGlobal
